
Microsoft Visual Studio Solution File, Format Version 12.00
# Visual Studio Version 17
VisualStudioVersion = 17.5.002.0
MinimumVisualStudioVersion = 10.0.40219.1
Project("{2150E333-8FDC-42A3-9474-1A3956D46DE8}") = "backend", "backend", "{0ABD089D-7AF5-491F-9AD8-14759590F96B}"
EndProject
Project("{9A19103F-16F7-4668-BE54-9A1E7A4F7556}") = "ef_crud_api", "backend\ef_crud_api\ef_crud_api.csproj", "{3326935B-4A01-4D1A-9DB7-4684070B644E}"
EndProject
Global
	GlobalSection(SolutionConfigurationPlatforms) = preSolution
		Debug|Any CPU = Debug|Any CPU
		Release|Any CPU = Release|Any CPU
	EndGlobalSection
	GlobalSection(ProjectConfigurationPlatforms) = postSolution
		{3326935B-4A01-4D1A-9DB7-4684070B644E}.Debug|Any CPU.ActiveCfg = Debug|Any CPU
		{3326935B-4A01-4D1A-9DB7-4684070B644E}.Debug|Any CPU.Build.0 = Debug|Any CPU
		{3326935B-4A01-4D1A-9DB7-4684070B644E}.Release|Any CPU.ActiveCfg = Release|Any CPU
		{3326935B-4A01-4D1A-9DB7-4684070B644E}.Release|Any CPU.Build.0 = Release|Any CPU
	EndGlobalSection
	GlobalSection(SolutionProperties) = preSolution
		HideSolutionNode = FALSE
	EndGlobalSection
	GlobalSection(NestedProjects) = preSolution
		{3326935B-4A01-4D1A-9DB7-4684070B644E} = {0ABD089D-7AF5-491F-9AD8-14759590F96B}
	EndGlobalSection
	GlobalSection(ExtensibilityGlobals) = postSolution
		SolutionGuid = {8095EEF8-7392-4A74-A5AB-8C7EB6BD07B8}
	EndGlobalSection
EndGlobal
